
Microsoft Visual Studio Solution File, Format Version 12.00
# Visual Studio Version 17
VisualStudioVersion = 17.5.33516.290
MinimumVisualStudioVersion = 10.0.40219.1
Project("{FAE04EC0-301F-11D3-BF4B-00C04F79EFBC}") = "Static", "Static\Static.csproj", "{904E4EE4-D482-4152-89B0-5739A281C8B6}"
EndProject
Global
	GlobalSection(SolutionConfigurationPlatforms) = preSolution
		Debug|Any CPU = Debug|Any CPU
		Release|Any CPU = Release|Any CPU
	EndGlobalSection
	GlobalSection(ProjectConfigurationPlatforms) = postSolution
		{904E4EE4-D482-4152-89B0-5739A281C8B6}.Debug|Any CPU.ActiveCfg = Debug|Any CPU
		{904E4EE4-D482-4152-89B0-5739A281C8B6}.Debug|Any CPU.Build.0 = Debug|Any CPU
		{904E4EE4-D482-4152-89B0-5739A281C8B6}.Release|Any CPU.ActiveCfg = Release|Any CPU
		{904E4EE4-D482-4152-89B0-5739A281C8B6}.Release|Any CPU.Build.0 = Release|Any CPU
	EndGlobalSection
	GlobalSection(SolutionProperties) = preSolution
		HideSolutionNode = FALSE
	EndGlobalSection
	GlobalSection(ExtensibilityGlobals) = postSolution
		SolutionGuid = {ABA37391-27AF-4DB4-AEB7-C098332CFD93}
	EndGlobalSection
EndGlobal
